// !$*UTF8*$!
{
	archiveVersion = 1;
	classes = {
	};
	objectVersion = 46;
	objects = {

/* Begin PBXBuildFile section */
		D4078EC81598EC9E000C0E4E /* UIKit.framework in Frameworks */ = {isa = PBXBuildFile; fileRef = D4078EC71598EC9E000C0E4E /* UIKit.framework */; };
		D4078ECA1598EC9E000C0E4E /* Foundation.framework in Frameworks */ = {isa = PBXBuildFile; fileRef = D4078EC91598EC9E000C0E4E /* Foundation.framework */; };
		D4078ECC1598EC9E000C0E4E /* CoreGraphics.framework in Frameworks */ = {isa = PBXBuildFile; fileRef = D4078ECB1598EC9E000C0E4E /* CoreGraphics.framework */; };
		D4078ED21598EC9F000C0E4E /* InfoPlist.strings in Resources */ = {isa = PBXBuildFile; fileRef = D4078ED01598EC9F000C0E4E /* InfoPlist.strings */; };
		D4078ED41598EC9F000C0E4E /* main.m in Sources */ = {isa = PBXBuildFile; fileRef = D4078ED31598EC9F000C0E4E /* main.m */; };
		D4078ED81598EC9F000C0E4E /* APAppDelegate.m in Sources */ = {isa = PBXBuildFile; fileRef = D4078ED71598EC9F000C0E4E /* APAppDelegate.m */; };
		D4078EE41598ECA0000C0E4E /* MainStoryboard.storyboard in Resources */ = {isa = PBXBuildFile; fileRef = D4078EE21598ECA0000C0E4E /* MainStoryboard.storyboard */; };
		D4078EED1598ECA2000C0E4E /* UIKit.framework in Frameworks */ = {isa = PBXBuildFile; fileRef = D4078EC71598EC9E000C0E4E /* UIKit.framework */; };
		D4078EEE1598ECA2000C0E4E /* Foundation.framework in Frameworks */ = {isa = PBXBuildFile; fileRef = D4078EC91598EC9E000C0E4E /* Foundation.framework */; };
		D414FEFC15AC92D20064A7AF /* APSettings.m in Sources */ = {isa = PBXBuildFile; fileRef = D414FEFB15AC92D20064A7AF /* APSettings.m */; };
		D440EF8815A0F84B00004C38 /* AudioToolbox.framework in Frameworks */ = {isa = PBXBuildFile; fileRef = D440EF8715A0F84B00004C38 /* AudioToolbox.framework */; };
		D440EF8A15A0F85300004C38 /* CFNetwork.framework in Frameworks */ = {isa = PBXBuildFile; fileRef = D440EF8915A0F85300004C38 /* CFNetwork.framework */; };
		D440EF8C15A0F86700004C38 /* SystemConfiguration.framework in Frameworks */ = {isa = PBXBuildFile; fileRef = D440EF8B15A0F86700004C38 /* SystemConfiguration.framework */; };
		D440EF8E15A0F87900004C38 /* libz.1.1.3.dylib in Frameworks */ = {isa = PBXBuildFile; fileRef = D440EF8D15A0F87900004C38 /* libz.1.1.3.dylib */; };
		D440EF9015A0F88100004C38 /* Security.framework in Frameworks */ = {isa = PBXBuildFile; fileRef = D440EF8F15A0F88100004C38 /* Security.framework */; };
		D440EF9215A0F88800004C38 /* QuartzCore.framework in Frameworks */ = {isa = PBXBuildFile; fileRef = D440EF9115A0F88800004C38 /* QuartzCore.framework */; settings = {ATTRIBUTES = (Required, ); }; };
		D440EF9415A0FBFE00004C38 /* MobileCoreServices.framework in Frameworks */ = {isa = PBXBuildFile; fileRef = D440EF9315A0FBFE00004C38 /* MobileCoreServices.framework */; };
		D440EFA315A100C900004C38 /* Parse.framework in Frameworks */ = {isa = PBXBuildFile; fileRef = D440EFA115A100C900004C38 /* Parse.framework */; };
		D440EFBE15A106A400004C38 /* CoreData.framework in Frameworks */ = {isa = PBXBuildFile; fileRef = D440EFBD15A106A400004C38 /* CoreData.framework */; };
		D440EFC015A106B200004C38 /* libxml2.dylib in Frameworks */ = {isa = PBXBuildFile; fileRef = D440EFBF15A106B200004C38 /* libxml2.dylib */; };
		D440EFC115A1123500004C38 /* libRestKit.a in Frameworks */ = {isa = PBXBuildFile; fileRef = D440EFB015A1057600004C38 /* libRestKit.a */; };
		D456A90F15A5F97C009156CE /* SVPullToRefresh.m in Sources */ = {isa = PBXBuildFile; fileRef = D456A90E15A5F97C009156CE /* SVPullToRefresh.m */; };
		D456A91A15A62396009156CE /* APHomeDefaultContentView.m in Sources */ = {isa = PBXBuildFile; fileRef = D456A91915A62396009156CE /* APHomeDefaultContentView.m */; };
		D456A91D15A67FD5009156CE /* APHomeAppSectionCell.m in Sources */ = {isa = PBXBuildFile; fileRef = D456A91C15A67FD5009156CE /* APHomeAppSectionCell.m */; };
		D456A91F15A681C9009156CE /* APHomeAppSectionCell.xib in Resources */ = {isa = PBXBuildFile; fileRef = D456A91E15A681C8009156CE /* APHomeAppSectionCell.xib */; };
		D456A93715A7D7C3009156CE /* RateView.m in Sources */ = {isa = PBXBuildFile; fileRef = D4811B8E15A3927F00A82E56 /* RateView.m */; };
		D456A95A15A7FC95009156CE /* APDeviceSelectorViewController.m in Sources */ = {isa = PBXBuildFile; fileRef = D456A95815A7FC93009156CE /* APDeviceSelectorViewController.m */; };
		D456A95E15A9456D009156CE /* TogglingImageView.m in Sources */ = {isa = PBXBuildFile; fileRef = D456A95D15A9456A009156CE /* TogglingImageView.m */; };
		D456A97615A9F494009156CE /* ipad-norml.png in Resources */ = {isa = PBXBuildFile; fileRef = D456A97215A9F494009156CE /* ipad-norml.png */; };
		D456A97715A9F494009156CE /* ipad-selected.png in Resources */ = {isa = PBXBuildFile; fileRef = D456A97315A9F494009156CE /* ipad-selected.png */; };
		D456A97815A9F494009156CE /* iphone-norml.png in Resources */ = {isa = PBXBuildFile; fileRef = D456A97415A9F494009156CE /* iphone-norml.png */; };
		D456A97915A9F494009156CE /* iphone-selected.png in Resources */ = {isa = PBXBuildFile; fileRef = D456A97515A9F494009156CE /* iphone-selected.png */; };
		D456A97C15AA4C20009156CE /* APServerAppResults.m in Sources */ = {isa = PBXBuildFile; fileRef = D456A97B15AA4C1F009156CE /* APServerAppResults.m */; };
		D456A98915AA4D23009156CE /* APServerHomeSection.m in Sources */ = {isa = PBXBuildFile; fileRef = D456A98715AA4D23009156CE /* APServerHomeSection.m */; };
		D456A98B15AA6527009156CE /* home-sample-data.plist in Resources */ = {isa = PBXBuildFile; fileRef = D456A98A15AA6527009156CE /* home-sample-data.plist */; };
		D456A99015AA7E92009156CE /* NSNumber+Currency.m in Sources */ = {isa = PBXBuildFile; fileRef = D4811B9E15A39FA700A82E56 /* NSNumber+Currency.m */; };
		D456A99315AA84A7009156CE /* UIView+CustomView.m in Sources */ = {isa = PBXBuildFile; fileRef = D456A99215AA84A7009156CE /* UIView+CustomView.m */; };
		D4605D5815AD42A300C98811 /* APChildManager.m in Sources */ = {isa = PBXBuildFile; fileRef = D4605D5715AD42A300C98811 /* APChildManager.m */; };
		D46859D315A2114C0073AC87 /* libSDWebImageARC.a in Frameworks */ = {isa = PBXBuildFile; fileRef = D46859CE15A2110D0073AC87 /* libSDWebImageARC.a */; };
		D46859D515A2115C0073AC87 /* ImageIO.framework in Frameworks */ = {isa = PBXBuildFile; fileRef = D46859D415A2115B0073AC87 /* ImageIO.framework */; };
		D46859D815A213020073AC87 /* CoreLocation.framework in Frameworks */ = {isa = PBXBuildFile; fileRef = D46859D715A213020073AC87 /* CoreLocation.framework */; };
		D46859F415A21F680073AC87 /* APGlobalNavigationViewController.m in Sources */ = {isa = PBXBuildFile; fileRef = D46859F215A21F680073AC87 /* APGlobalNavigationViewController.m */; };
		D4685A2315A23D260073AC87 /* libFlurry.a in Frameworks */ = {isa = PBXBuildFile; fileRef = D4685A2215A23D260073AC87 /* libFlurry.a */; };
		D4685A2515A2402E0073AC87 /* NavigationStoryboard.storyboard in Resources */ = {isa = PBXBuildFile; fileRef = D4685A2415A2402E0073AC87 /* NavigationStoryboard.storyboard */; };
		D4685A3415A262F60073AC87 /* APChild.m in Sources */ = {isa = PBXBuildFile; fileRef = D4685A3315A262F60073AC87 /* APChild.m */; };
		D4685A4B15A273BC0073AC87 /* APChildSelectorViewController.m in Sources */ = {isa = PBXBuildFile; fileRef = D4685A4915A273BC0073AC87 /* APChildSelectorViewController.m */; };
		D4685A6715A285C90073AC87 /* APPersistenceManager.m in Sources */ = {isa = PBXBuildFile; fileRef = D4685A6615A285C90073AC87 /* APPersistenceManager.m */; };
		D4811B7515A3762500A82E56 /* APChildCell.m in Sources */ = {isa = PBXBuildFile; fileRef = D4811B7415A3762500A82E56 /* APChildCell.m */; };
		D4811B7915A37E8000A82E56 /* APHomeContentViewController.m in Sources */ = {isa = PBXBuildFile; fileRef = D4811B7815A37E8000A82E56 /* APHomeContentViewController.m */; };
		D4811B7C15A37ECE00A82E56 /* HomeContentStoryboard.storyboard in Resources */ = {isa = PBXBuildFile; fileRef = D4811B7B15A37ECE00A82E56 /* HomeContentStoryboard.storyboard */; };
		D4811B8215A3877E00A82E56 /* APAppIconView.m in Sources */ = {isa = PBXBuildFile; fileRef = D4811B8115A3877E00A82E56 /* APAppIconView.m */; };
		D4811B8415A387B300A82E56 /* APAppIconView.xib in Resources */ = {isa = PBXBuildFile; fileRef = D4811B8315A387B300A82E56 /* APAppIconView.xib */; };
		D4811B9415A395A100A82E56 /* star.png in Resources */ = {isa = PBXBuildFile; fileRef = D4811B9115A395A100A82E56 /* star.png */; };
		D4811B9515A395A100A82E56 /* starhalf.png in Resources */ = {isa = PBXBuildFile; fileRef = D4811B9215A395A100A82E56 /* starhalf.png */; };
		D4811B9615A395A100A82E56 /* starhighlighted.png in Resources */ = {isa = PBXBuildFile; fileRef = D4811B9315A395A100A82E56 /* starhighlighted.png */; };
		D4811B9915A39A7D00A82E56 /* APApp.m in Sources */ = {isa = PBXBuildFile; fileRef = D4811B9815A39A7D00A82E56 /* APApp.m */; };
		D4811BA215A3A01A00A82E56 /* NSString+EasyIcon.m in Sources */ = {isa = PBXBuildFile; fileRef = D4811BA115A3A01A00A82E56 /* NSString+EasyIcon.m */; };
		D4811BAA15A3CC3F00A82E56 /* sample-apps.plist in Resources */ = {isa = PBXBuildFile; fileRef = D4811BA915A3CC3F00A82E56 /* sample-apps.plist */; };
/* End PBXBuildFile section */

/* Begin PBXContainerItemProxy section */
		D4078EEF1598ECA2000C0E4E /* PBXContainerItemProxy */ = {
			isa = PBXContainerItemProxy;
			containerPortal = D4078EBA1598EC9C000C0E4E /* Project object */;
			proxyType = 1;
			remoteGlobalIDString = D4078EC21598EC9D000C0E4E;
			remoteInfo = AppPlayground;
		};
		D440EFAF15A1057600004C38 /* PBXContainerItemProxy */ = {
			isa = PBXContainerItemProxy;
			containerPortal = D440EFA415A1057500004C38 /* RestKit.xcodeproj */;
			proxyType = 2;
			remoteGlobalIDString = 25160D1614564E810060A5C5;
			remoteInfo = RestKit;
		};
		D440EFB115A1057600004C38 /* PBXContainerItemProxy */ = {
			isa = PBXContainerItemProxy;
			containerPortal = D440EFA415A1057500004C38 /* RestKit.xcodeproj */;
			proxyType = 2;
			remoteGlobalIDString = 25160D2614564E820060A5C5;
			remoteInfo = RestKitTests;
		};
		D440EFB315A1057600004C38 /* PBXContainerItemProxy */ = {
			isa = PBXContainerItemProxy;
			containerPortal = D440EFA415A1057500004C38 /* RestKit.xcodeproj */;
			proxyType = 2;
			remoteGlobalIDString = 25160E62145651060060A5C5;
			remoteInfo = RestKitFramework;
		};
		D440EFB515A1057600004C38 /* PBXContainerItemProxy */ = {
			isa = PBXContainerItemProxy;
			containerPortal = D440EFA415A1057500004C38 /* RestKit.xcodeproj */;
			proxyType = 2;
			remoteGlobalIDString = 25160E78145651060060A5C5;
			remoteInfo = RestKitFrameworkTests;
		};
		D440EFB715A1057600004C38 /* PBXContainerItemProxy */ = {
			isa = PBXContainerItemProxy;
			containerPortal = D440EFA415A1057500004C38 /* RestKit.xcodeproj */;
			proxyType = 2;
			remoteGlobalIDString = 259C301615128079003066A2;
			remoteInfo = RestKitResources;
		};
		D440EFB915A1064E00004C38 /* PBXContainerItemProxy */ = {
			isa = PBXContainerItemProxy;
			containerPortal = D440EFA415A1057500004C38 /* RestKit.xcodeproj */;
			proxyType = 1;
			remoteGlobalIDString = 25160D1514564E810060A5C5;
			remoteInfo = RestKit;
		};
		D46859CB15A2110D0073AC87 /* PBXContainerItemProxy */ = {
			isa = PBXContainerItemProxy;
			containerPortal = D46859C215A2110D0073AC87 /* SDWebImage.xcodeproj */;
			proxyType = 2;
			remoteGlobalIDString = 53922D6F148C55820056699D;
			remoteInfo = SDWebImage;
		};
		D46859CD15A2110D0073AC87 /* PBXContainerItemProxy */ = {
			isa = PBXContainerItemProxy;
			containerPortal = D46859C215A2110D0073AC87 /* SDWebImage.xcodeproj */;
			proxyType = 2;
			remoteGlobalIDString = 53761325155AD0D5005750A4;
			remoteInfo = "SDWebImage ARC";
		};
		D46859CF15A2110D0073AC87 /* PBXContainerItemProxy */ = {
			isa = PBXContainerItemProxy;
			containerPortal = D46859C215A2110D0073AC87 /* SDWebImage.xcodeproj */;
			proxyType = 2;
			remoteGlobalIDString = 531041E0157EAFA400BBABC3;
			remoteInfo = "SDWebImage ARC+MKAnnotation";
		};
		D46859D115A2113A0073AC87 /* PBXContainerItemProxy */ = {
			isa = PBXContainerItemProxy;
			containerPortal = D46859C215A2110D0073AC87 /* SDWebImage.xcodeproj */;
			proxyType = 1;
			remoteGlobalIDString = 53761307155AD0D5005750A4;
			remoteInfo = "SDWebImage ARC";
		};
/* End PBXContainerItemProxy section */

/* Begin PBXFileReference section */
		D4078EC31598EC9D000C0E4E /* AppPlayground.app */ = {isa = PBXFileReference; explicitFileType = wrapper.application; includeInIndex = 0; path = AppPlayground.app; sourceTree = BUILT_PRODUCTS_DIR; };
		D4078EC71598EC9E000C0E4E /* UIKit.framework */ = {isa = PBXFileReference; lastKnownFileType = wrapper.framework; name = UIKit.framework; path = System/Library/Frameworks/UIKit.framework; sourceTree = SDKROOT; };
		D4078EC91598EC9E000C0E4E /* Foundation.framework */ = {isa = PBXFileReference; lastKnownFileType = wrapper.framework; name = Foundation.framework; path = System/Library/Frameworks/Foundation.framework; sourceTree = SDKROOT; };
		D4078ECB1598EC9E000C0E4E /* CoreGraphics.framework */ = {isa = PBXFileReference; lastKnownFileType = wrapper.framework; name = CoreGraphics.framework; path = System/Library/Frameworks/CoreGraphics.framework; sourceTree = SDKROOT; };
		D4078ECF1598EC9E000C0E4E /* AppPlayground-Info.plist */ = {isa = PBXFileReference; lastKnownFileType = text.plist.xml; path = "AppPlayground-Info.plist"; sourceTree = "<group>"; };
		D4078ED11598EC9F000C0E4E /* en */ = {isa = PBXFileReference; lastKnownFileType = text.plist.strings; name = en; path = en.lproj/InfoPlist.strings; sourceTree = "<group>"; };
		D4078ED31598EC9F000C0E4E /* main.m */ = {isa = PBXFileReference; lastKnownFileType = sourcecode.c.objc; path = main.m; sourceTree = "<group>"; };
		D4078ED51598EC9F000C0E4E /* AppPlayground-Prefix.pch */ = {isa = PBXFileReference; lastKnownFileType = sourcecode.c.h; path = "AppPlayground-Prefix.pch"; sourceTree = "<group>"; };
		D4078ED61598EC9F000C0E4E /* APAppDelegate.h */ = {isa = PBXFileReference; lastKnownFileType = sourcecode.c.h; path = APAppDelegate.h; sourceTree = "<group>"; };
		D4078ED71598EC9F000C0E4E /* APAppDelegate.m */ = {isa = PBXFileReference; lastKnownFileType = sourcecode.c.objc; path = APAppDelegate.m; sourceTree = "<group>"; };
		D4078EE31598ECA0000C0E4E /* en */ = {isa = PBXFileReference; lastKnownFileType = file.storyboard; name = en; path = en.lproj/MainStoryboard.storyboard; sourceTree = "<group>"; };
		D4078EEA1598ECA2000C0E4E /* AppPlaygroundTests.octest */ = {isa = PBXFileReference; explicitFileType = wrapper.cfbundle; includeInIndex = 0; path = AppPlaygroundTests.octest; sourceTree = BUILT_PRODUCTS_DIR; };
		D414FEFA15AC92D10064A7AF /* APSettings.h */ = {isa = PBXFileReference; fileEncoding = 4; lastKnownFileType = sourcecode.c.h; path = APSettings.h; sourceTree = "<group>"; };
		D414FEFB15AC92D20064A7AF /* APSettings.m */ = {isa = PBXFileReference; fileEncoding = 4; lastKnownFileType = sourcecode.c.objc; path = APSettings.m; sourceTree = "<group>"; };
		D440EF8715A0F84B00004C38 /* AudioToolbox.framework */ = {isa = PBXFileReference; lastKnownFileType = wrapper.framework; name = AudioToolbox.framework; path = System/Library/Frameworks/AudioToolbox.framework; sourceTree = SDKROOT; };
		D440EF8915A0F85300004C38 /* CFNetwork.framework */ = {isa = PBXFileReference; lastKnownFileType = wrapper.framework; name = CFNetwork.framework; path = System/Library/Frameworks/CFNetwork.framework; sourceTree = SDKROOT; };
		D440EF8B15A0F86700004C38 /* SystemConfiguration.framework */ = {isa = PBXFileReference; lastKnownFileType = wrapper.framework; name = SystemConfiguration.framework; path = System/Library/Frameworks/SystemConfiguration.framework; sourceTree = SDKROOT; };
		D440EF8D15A0F87900004C38 /* libz.1.1.3.dylib */ = {isa = PBXFileReference; lastKnownFileType = "compiled.mach-o.dylib"; name = libz.1.1.3.dylib; path = usr/lib/libz.1.1.3.dylib; sourceTree = SDKROOT; };
		D440EF8F15A0F88100004C38 /* Security.framework */ = {isa = PBXFileReference; lastKnownFileType = wrapper.framework; name = Security.framework; path = System/Library/Frameworks/Security.framework; sourceTree = SDKROOT; };
		D440EF9115A0F88800004C38 /* QuartzCore.framework */ = {isa = PBXFileReference; lastKnownFileType = wrapper.framework; name = QuartzCore.framework; path = System/Library/Frameworks/QuartzCore.framework; sourceTree = SDKROOT; };
		D440EF9315A0FBFE00004C38 /* MobileCoreServices.framework */ = {isa = PBXFileReference; lastKnownFileType = wrapper.framework; name = MobileCoreServices.framework; path = System/Library/Frameworks/MobileCoreServices.framework; sourceTree = SDKROOT; };
		D440EFA115A100C900004C38 /* Parse.framework */ = {isa = PBXFileReference; lastKnownFileType = wrapper.framework; name = Parse.framework; path = Frameworks/Parse.framework; sourceTree = "<group>"; };
		D440EFA415A1057500004C38 /* RestKit.xcodeproj */ = {isa = PBXFileReference; lastKnownFileType = "wrapper.pb-project"; name = RestKit.xcodeproj; path = Frameworks/RestKit/RestKit.xcodeproj; sourceTree = "<group>"; };
		D440EFBD15A106A400004C38 /* CoreData.framework */ = {isa = PBXFileReference; lastKnownFileType = wrapper.framework; name = CoreData.framework; path = System/Library/Frameworks/CoreData.framework; sourceTree = SDKROOT; };
		D440EFBF15A106B200004C38 /* libxml2.dylib */ = {isa = PBXFileReference; lastKnownFileType = "compiled.mach-o.dylib"; name = libxml2.dylib; path = usr/lib/libxml2.dylib; sourceTree = SDKROOT; };
		D456A90D15A5F97C009156CE /* SVPullToRefresh.h */ = {isa = PBXFileReference; fileEncoding = 4; lastKnownFileType = sourcecode.c.h; path = SVPullToRefresh.h; sourceTree = "<group>"; };
		D456A90E15A5F97C009156CE /* SVPullToRefresh.m */ = {isa = PBXFileReference; fileEncoding = 4; lastKnownFileType = sourcecode.c.objc; path = SVPullToRefresh.m; sourceTree = "<group>"; };
		D456A91815A62395009156CE /* APHomeDefaultContentView.h */ = {isa = PBXFileReference; fileEncoding = 4; lastKnownFileType = sourcecode.c.h; path = APHomeDefaultContentView.h; sourceTree = "<group>"; };
		D456A91915A62396009156CE /* APHomeDefaultContentView.m */ = {isa = PBXFileReference; fileEncoding = 4; lastKnownFileType = sourcecode.c.objc; path = APHomeDefaultContentView.m; sourceTree = "<group>"; };
		D456A91B15A67FD5009156CE /* APHomeAppSectionCell.h */ = {isa = PBXFileReference; fileEncoding = 4; lastKnownFileType = sourcecode.c.h; path = APHomeAppSectionCell.h; sourceTree = "<group>"; };
		D456A91C15A67FD5009156CE /* APHomeAppSectionCell.m */ = {isa = PBXFileReference; fileEncoding = 4; lastKnownFileType = sourcecode.c.objc; path = APHomeAppSectionCell.m; sourceTree = "<group>"; };
		D456A91E15A681C8009156CE /* APHomeAppSectionCell.xib */ = {isa = PBXFileReference; fileEncoding = 4; lastKnownFileType = file.xib; path = APHomeAppSectionCell.xib; sourceTree = "<group>"; };
		D456A95715A7FC93009156CE /* APDeviceSelectorViewController.h */ = {isa = PBXFileReference; fileEncoding = 4; lastKnownFileType = sourcecode.c.h; name = APDeviceSelectorViewController.h; path = General/APDeviceSelectorViewController.h; sourceTree = "<group>"; };
		D456A95815A7FC93009156CE /* APDeviceSelectorViewController.m */ = {isa = PBXFileReference; fileEncoding = 4; lastKnownFileType = sourcecode.c.objc; name = APDeviceSelectorViewController.m; path = General/APDeviceSelectorViewController.m; sourceTree = "<group>"; };
		D456A95C15A94566009156CE /* TogglingImageView.h */ = {isa = PBXFileReference; fileEncoding = 4; lastKnownFileType = sourcecode.c.h; path = TogglingImageView.h; sourceTree = "<group>"; };
		D456A95D15A9456A009156CE /* TogglingImageView.m */ = {isa = PBXFileReference; fileEncoding = 4; lastKnownFileType = sourcecode.c.objc; path = TogglingImageView.m; sourceTree = "<group>"; };
		D456A97215A9F494009156CE /* ipad-norml.png */ = {isa = PBXFileReference; lastKnownFileType = image.png; path = "ipad-norml.png"; sourceTree = "<group>"; };
		D456A97315A9F494009156CE /* ipad-selected.png */ = {isa = PBXFileReference; lastKnownFileType = image.png; path = "ipad-selected.png"; sourceTree = "<group>"; };
		D456A97415A9F494009156CE /* iphone-norml.png */ = {isa = PBXFileReference; lastKnownFileType = image.png; path = "iphone-norml.png"; sourceTree = "<group>"; };
		D456A97515A9F494009156CE /* iphone-selected.png */ = {isa = PBXFileReference; lastKnownFileType = image.png; path = "iphone-selected.png"; sourceTree = "<group>"; };
		D456A97A15AA4C1F009156CE /* APServerAppResults.h */ = {isa = PBXFileReference; fileEncoding = 4; lastKnownFileType = sourcecode.c.h; path = APServerAppResults.h; sourceTree = "<group>"; };
		D456A97B15AA4C1F009156CE /* APServerAppResults.m */ = {isa = PBXFileReference; fileEncoding = 4; lastKnownFileType = sourcecode.c.objc; path = APServerAppResults.m; sourceTree = "<group>"; };
		D456A98615AA4D23009156CE /* APServerHomeSection.h */ = {isa = PBXFileReference; fileEncoding = 4; lastKnownFileType = sourcecode.c.h; path = APServerHomeSection.h; sourceTree = "<group>"; };
		D456A98715AA4D23009156CE /* APServerHomeSection.m */ = {isa = PBXFileReference; fileEncoding = 4; lastKnownFileType = sourcecode.c.objc; path = APServerHomeSection.m; sourceTree = "<group>"; };
		D456A98A15AA6527009156CE /* home-sample-data.plist */ = {isa = PBXFileReference; fileEncoding = 4; lastKnownFileType = text.plist.xml; path = "home-sample-data.plist"; sourceTree = "<group>"; };
		D456A99115AA84A6009156CE /* UIView+CustomView.h */ = {isa = PBXFileReference; fileEncoding = 4; lastKnownFileType = sourcecode.c.h; path = "UIView+CustomView.h"; sourceTree = "<group>"; };
		D456A99215AA84A7009156CE /* UIView+CustomView.m */ = {isa = PBXFileReference; fileEncoding = 4; lastKnownFileType = sourcecode.c.objc; path = "UIView+CustomView.m"; sourceTree = "<group>"; };
		D4605D5615AD42A300C98811 /* APChildManager.h */ = {isa = PBXFileReference; fileEncoding = 4; lastKnownFileType = sourcecode.c.h; path = APChildManager.h; sourceTree = "<group>"; };
		D4605D5715AD42A300C98811 /* APChildManager.m */ = {isa = PBXFileReference; fileEncoding = 4; lastKnownFileType = sourcecode.c.objc; path = APChildManager.m; sourceTree = "<group>"; };
		D46859C215A2110D0073AC87 /* SDWebImage.xcodeproj */ = {isa = PBXFileReference; lastKnownFileType = "wrapper.pb-project"; name = SDWebImage.xcodeproj; path = Frameworks/SDWebImage/SDWebImage.xcodeproj; sourceTree = "<group>"; };
		D46859D415A2115B0073AC87 /* ImageIO.framework */ = {isa = PBXFileReference; lastKnownFileType = wrapper.framework; name = ImageIO.framework; path = System/Library/Frameworks/ImageIO.framework; sourceTree = SDKROOT; };
		D46859D715A213020073AC87 /* CoreLocation.framework */ = {isa = PBXFileReference; lastKnownFileType = wrapper.framework; name = CoreLocation.framework; path = System/Library/Frameworks/CoreLocation.framework; sourceTree = SDKROOT; };
		D46859F115A21F680073AC87 /* APGlobalNavigationViewController.h */ = {isa = PBXFileReference; fileEncoding = 4; lastKnownFileType = sourcecode.c.h; path = APGlobalNavigationViewController.h; sourceTree = "<group>"; };
		D46859F215A21F680073AC87 /* APGlobalNavigationViewController.m */ = {isa = PBXFileReference; fileEncoding = 4; lastKnownFileType = sourcecode.c.objc; path = APGlobalNavigationViewController.m; sourceTree = "<group>"; };
		D4685A2115A23D260073AC87 /* Flurry.h */ = {isa = PBXFileReference; fileEncoding = 4; lastKnownFileType = sourcecode.c.h; path = Flurry.h; sourceTree = "<group>"; };
		D4685A2215A23D260073AC87 /* libFlurry.a */ = {isa = PBXFileReference; explicitFileType = "compiled.mach-o.objfile"; path = libFlurry.a; sourceTree = "<group>"; };
		D4685A2415A2402E0073AC87 /* NavigationStoryboard.storyboard */ = {isa = PBXFileReference; fileEncoding = 4; lastKnownFileType = file.storyboard; name = NavigationStoryboard.storyboard; path = General/NavigationStoryboard.storyboard; sourceTree = "<group>"; };
		D4685A3215A262F60073AC87 /* APChild.h */ = {isa = PBXFileReference; fileEncoding = 4; lastKnownFileType = sourcecode.c.h; path = APChild.h; sourceTree = "<group>"; };
		D4685A3315A262F60073AC87 /* APChild.m */ = {isa = PBXFileReference; fileEncoding = 4; lastKnownFileType = sourcecode.c.objc; path = APChild.m; sourceTree = "<group>"; };
		D4685A4815A273BC0073AC87 /* APChildSelectorViewController.h */ = {isa = PBXFileReference; fileEncoding = 4; lastKnownFileType = sourcecode.c.h; path = APChildSelectorViewController.h; sourceTree = "<group>"; };
		D4685A4915A273BC0073AC87 /* APChildSelectorViewController.m */ = {isa = PBXFileReference; fileEncoding = 4; lastKnownFileType = sourcecode.c.objc; path = APChildSelectorViewController.m; sourceTree = "<group>"; };
		D4685A6515A285C90073AC87 /* APPersistenceManager.h */ = {isa = PBXFileReference; fileEncoding = 4; lastKnownFileType = sourcecode.c.h; path = APPersistenceManager.h; sourceTree = "<group>"; };
		D4685A6615A285C90073AC87 /* APPersistenceManager.m */ = {isa = PBXFileReference; fileEncoding = 4; lastKnownFileType = sourcecode.c.objc; path = APPersistenceManager.m; sourceTree = "<group>"; };
		D4811B7315A3762500A82E56 /* APChildCell.h */ = {isa = PBXFileReference; fileEncoding = 4; lastKnownFileType = sourcecode.c.h; name = APChildCell.h; path = General/APChildCell.h; sourceTree = "<group>"; };
		D4811B7415A3762500A82E56 /* APChildCell.m */ = {isa = PBXFileReference; fileEncoding = 4; lastKnownFileType = sourcecode.c.objc; name = APChildCell.m; path = General/APChildCell.m; sourceTree = "<group>"; };
		D4811B7715A37E8000A82E56 /* APHomeContentViewController.h */ = {isa = PBXFileReference; fileEncoding = 4; lastKnownFileType = sourcecode.c.h; path = APHomeContentViewController.h; sourceTree = "<group>"; };
		D4811B7815A37E8000A82E56 /* APHomeContentViewController.m */ = {isa = PBXFileReference; fileEncoding = 4; lastKnownFileType = sourcecode.c.objc; path = APHomeContentViewController.m; sourceTree = "<group>"; };
		D4811B7B15A37ECE00A82E56 /* HomeContentStoryboard.storyboard */ = {isa = PBXFileReference; fileEncoding = 4; lastKnownFileType = file.storyboard; path = HomeContentStoryboard.storyboard; sourceTree = "<group>"; };
		D4811B8015A3877E00A82E56 /* APAppIconView.h */ = {isa = PBXFileReference; fileEncoding = 4; lastKnownFileType = sourcecode.c.h; path = APAppIconView.h; sourceTree = "<group>"; };
		D4811B8115A3877E00A82E56 /* APAppIconView.m */ = {isa = PBXFileReference; fileEncoding = 4; lastKnownFileType = sourcecode.c.objc; path = APAppIconView.m; sourceTree = "<group>"; };
		D4811B8315A387B300A82E56 /* APAppIconView.xib */ = {isa = PBXFileReference; fileEncoding = 4; lastKnownFileType = file.xib; path = APAppIconView.xib; sourceTree = "<group>"; };
		D4811B8E15A3927F00A82E56 /* RateView.m */ = {isa = PBXFileReference; fileEncoding = 4; lastKnownFileType = sourcecode.c.objc; path = RateView.m; sourceTree = "<group>"; };
		D4811B8F15A3927F00A82E56 /* RateView.h */ = {isa = PBXFileReference; fileEncoding = 4; lastKnownFileType = sourcecode.c.h; path = RateView.h; sourceTree = "<group>"; };
		D4811B9115A395A100A82E56 /* star.png */ = {isa = PBXFileReference; lastKnownFileType = image.png; path = star.png; sourceTree = "<group>"; };
		D4811B9215A395A100A82E56 /* starhalf.png */ = {isa = PBXFileReference; lastKnownFileType = image.png; path = starhalf.png; sourceTree = "<group>"; };
		D4811B9315A395A100A82E56 /* starhighlighted.png */ = {isa = PBXFileReference; lastKnownFileType = image.png; path = starhighlighted.png; sourceTree = "<group>"; };
		D4811B9715A39A7D00A82E56 /* APApp.h */ = {isa = PBXFileReference; fileEncoding = 4; lastKnownFileType = sourcecode.c.h; path = APApp.h; sourceTree = "<group>"; };
		D4811B9815A39A7D00A82E56 /* APApp.m */ = {isa = PBXFileReference; fileEncoding = 4; lastKnownFileType = sourcecode.c.objc; path = APApp.m; sourceTree = "<group>"; };
		D4811B9D15A39FA700A82E56 /* NSNumber+Currency.h */ = {isa = PBXFileReference; fileEncoding = 4; lastKnownFileType = sourcecode.c.h; path = "NSNumber+Currency.h"; sourceTree = "<group>"; };
		D4811B9E15A39FA700A82E56 /* NSNumber+Currency.m */ = {isa = PBXFileReference; fileEncoding = 4; lastKnownFileType = sourcecode.c.objc; path = "NSNumber+Currency.m"; sourceTree = "<group>"; };
		D4811BA015A3A01A00A82E56 /* NSString+EasyIcon.h */ = {isa = PBXFileReference; fileEncoding = 4; lastKnownFileType = sourcecode.c.h; path = "NSString+EasyIcon.h"; sourceTree = "<group>"; };
		D4811BA115A3A01A00A82E56 /* NSString+EasyIcon.m */ = {isa = PBXFileReference; fileEncoding = 4; lastKnownFileType = sourcecode.c.objc; path = "NSString+EasyIcon.m"; sourceTree = "<group>"; };
		D4811BA915A3CC3F00A82E56 /* sample-apps.plist */ = {isa = PBXFileReference; fileEncoding = 4; lastKnownFileType = text.plist.xml; path = "sample-apps.plist"; sourceTree = "<group>"; };
		D4811BAF15A3D38300A82E56 /* Constants.h */ = {isa = PBXFileReference; fileEncoding = 4; lastKnownFileType = sourcecode.c.h; path = Constants.h; sourceTree = "<group>"; };
/* End PBXFileReference section */

/* Begin PBXFrameworksBuildPhase section */
		D4078EC01598EC9D000C0E4E /* Frameworks */ = {
			isa = PBXFrameworksBuildPhase;
			buildActionMask = 2147483647;
			files = (
				D46859D815A213020073AC87 /* CoreLocation.framework in Frameworks */,
				D46859D515A2115C0073AC87 /* ImageIO.framework in Frameworks */,
				D46859D315A2114C0073AC87 /* libSDWebImageARC.a in Frameworks */,
				D440EFC115A1123500004C38 /* libRestKit.a in Frameworks */,
				D440EFC015A106B200004C38 /* libxml2.dylib in Frameworks */,
				D440EFBE15A106A400004C38 /* CoreData.framework in Frameworks */,
				D440EF9415A0FBFE00004C38 /* MobileCoreServices.framework in Frameworks */,
				D440EF9215A0F88800004C38 /* QuartzCore.framework in Frameworks */,
				D440EF9015A0F88100004C38 /* Security.framework in Frameworks */,
				D440EF8E15A0F87900004C38 /* libz.1.1.3.dylib in Frameworks */,
				D440EF8C15A0F86700004C38 /* SystemConfiguration.framework in Frameworks */,
				D440EF8A15A0F85300004C38 /* CFNetwork.framework in Frameworks */,
				D440EF8815A0F84B00004C38 /* AudioToolbox.framework in Frameworks */,
				D4078EC81598EC9E000C0E4E /* UIKit.framework in Frameworks */,
				D4078ECA1598EC9E000C0E4E /* Foundation.framework in Frameworks */,
				D4078ECC1598EC9E000C0E4E /* CoreGraphics.framework in Frameworks */,
				D440EFA315A100C900004C38 /* Parse.framework in Frameworks */,
				D4685A2315A23D260073AC87 /* libFlurry.a in Frameworks */,
			);
			runOnlyForDeploymentPostprocessing = 0;
		};
		D4078EE61598ECA2000C0E4E /* Frameworks */ = {
			isa = PBXFrameworksBuildPhase;
			buildActionMask = 2147483647;
			files = (
				D4078EED1598ECA2000C0E4E /* UIKit.framework in Frameworks */,
				D4078EEE1598ECA2000C0E4E /* Foundation.framework in Frameworks */,
			);
			runOnlyForDeploymentPostprocessing = 0;
		};
/* End PBXFrameworksBuildPhase section */

/* Begin PBXGroup section */
		D4078EB81598EC9C000C0E4E = {
			isa = PBXGroup;
			children = (
				D4078ECD1598EC9E000C0E4E /* AppPlayground */,
				D46859C215A2110D0073AC87 /* SDWebImage.xcodeproj */,
				D440EFA415A1057500004C38 /* RestKit.xcodeproj */,
				D4078EC61598EC9D000C0E4E /* Frameworks */,
				D4078EC41598EC9D000C0E4E /* Products */,
			);
			sourceTree = "<group>";
			tabWidth = 2;
			usesTabs = 0;
			wrapsLines = 1;
		};
		D4078EC41598EC9D000C0E4E /* Products */ = {
			isa = PBXGroup;
			children = (
				D4078EC31598EC9D000C0E4E /* AppPlayground.app */,
				D4078EEA1598ECA2000C0E4E /* AppPlaygroundTests.octest */,
			);
			name = Products;
			sourceTree = "<group>";
		};
		D4078EC61598EC9D000C0E4E /* Frameworks */ = {
			isa = PBXGroup;
			children = (
				D4685A2015A23D260073AC87 /* Flurry */,
				D46859D715A213020073AC87 /* CoreLocation.framework */,
				D46859D415A2115B0073AC87 /* ImageIO.framework */,
				D440EFBF15A106B200004C38 /* libxml2.dylib */,
				D440EFBD15A106A400004C38 /* CoreData.framework */,
				D440EFA115A100C900004C38 /* Parse.framework */,
				D440EF9315A0FBFE00004C38 /* MobileCoreServices.framework */,
				D440EF9115A0F88800004C38 /* QuartzCore.framework */,
				D440EF8F15A0F88100004C38 /* Security.framework */,
				D440EF8D15A0F87900004C38 /* libz.1.1.3.dylib */,
				D440EF8B15A0F86700004C38 /* SystemConfiguration.framework */,
				D440EF8915A0F85300004C38 /* CFNetwork.framework */,
				D440EF8715A0F84B00004C38 /* AudioToolbox.framework */,
				D4078EC71598EC9E000C0E4E /* UIKit.framework */,
				D4078EC91598EC9E000C0E4E /* Foundation.framework */,
				D4078ECB1598EC9E000C0E4E /* CoreGraphics.framework */,
			);
			name = Frameworks;
			sourceTree = "<group>";
		};
		D4078ECD1598EC9E000C0E4E /* AppPlayground */ = {
			isa = PBXGroup;
			children = (
				D4078ED61598EC9F000C0E4E /* APAppDelegate.h */,
				D4078ED71598EC9F000C0E4E /* APAppDelegate.m */,
				D44629DE159E309500714339 /* Assets */,
				D44629E1159E309500714339 /* Categories */,
				D44629E2159E309500714339 /* Controllers */,
				D44629E8159E309500714339 /* Models */,
				D440EFD815A1177300004C38 /* Utils */,
				D44629EC159E309500714339 /* Views */,
				D4078ECE1598EC9E000C0E4E /* Supporting Files */,
			);
			path = AppPlayground;
			sourceTree = "<group>";
		};
		D4078ECE1598EC9E000C0E4E /* Supporting Files */ = {
			isa = PBXGroup;
			children = (
				D4078ECF1598EC9E000C0E4E /* AppPlayground-Info.plist */,
				D4078ED01598EC9F000C0E4E /* InfoPlist.strings */,
				D4078ED31598EC9F000C0E4E /* main.m */,
				D4078ED51598EC9F000C0E4E /* AppPlayground-Prefix.pch */,
			);
			name = "Supporting Files";
			sourceTree = "<group>";
		};
		D440EFA515A1057500004C38 /* Products */ = {
			isa = PBXGroup;
			children = (
				D440EFB015A1057600004C38 /* libRestKit.a */,
				D440EFB215A1057600004C38 /* RestKitTests.octest */,
				D440EFB415A1057600004C38 /* RestKit.framework */,
				D440EFB615A1057600004C38 /* RestKitFrameworkTests.octest */,
				D440EFB815A1057600004C38 /* RestKitResources.bundle */,
			);
			name = Products;
			sourceTree = "<group>";
		};
		D440EFD815A1177300004C38 /* Utils */ = {
			isa = PBXGroup;
			children = (
				D456A90B15A5F97C009156CE /* OpenSource */,
				D4685A6515A285C90073AC87 /* APPersistenceManager.h */,
				D4685A6615A285C90073AC87 /* APPersistenceManager.m */,
			);
			path = Utils;
			sourceTree = "<group>";
		};
		D44629DE159E309500714339 /* Assets */ = {
			isa = PBXGroup;
			children = (
				D4811BA815A3CC3F00A82E56 /* Data */,
				D44629DF159E309500714339 /* Images */,
			);
			path = Assets;
			sourceTree = "<group>";
		};
		D44629DF159E309500714339 /* Images */ = {
			isa = PBXGroup;
			children = (
				D4811B8515A388B800A82E56 /* Testing */,
				D44629E0159E309500714339 /* General */,
			);
			path = Images;
			sourceTree = "<group>";
		};
		D44629E0159E309500714339 /* General */ = {
			isa = PBXGroup;
			children = (
			);
			path = General;
			sourceTree = "<group>";
		};
		D44629E1159E309500714339 /* Categories */ = {
			isa = PBXGroup;
			children = (
				D4811B9D15A39FA700A82E56 /* NSNumber+Currency.h */,
				D4811B9E15A39FA700A82E56 /* NSNumber+Currency.m */,
				D4811BA015A3A01A00A82E56 /* NSString+EasyIcon.h */,
				D4811BA115A3A01A00A82E56 /* NSString+EasyIcon.m */,
				D456A99115AA84A6009156CE /* UIView+CustomView.h */,
				D456A99215AA84A7009156CE /* UIView+CustomView.m */,
			);
			path = Categories;
			sourceTree = "<group>";
		};
		D44629E2159E309500714339 /* Controllers */ = {
			isa = PBXGroup;
			children = (
				D4811B7D15A3871A00A82E56 /* Details */,
				D4811B7615A37E0100A82E56 /* Home */,
				D44629E7159E309500714339 /* General */,
			);
			path = Controllers;
			sourceTree = "<group>";
		};
		D44629E7159E309500714339 /* General */ = {
			isa = PBXGroup;
			children = (
				D46859F115A21F680073AC87 /* APGlobalNavigationViewController.h */,
				D46859F215A21F680073AC87 /* APGlobalNavigationViewController.m */,
				D4685A4815A273BC0073AC87 /* APChildSelectorViewController.h */,
				D4685A4915A273BC0073AC87 /* APChildSelectorViewController.m */,
			);
			path = General;
			sourceTree = "<group>";
		};
		D44629E8159E309500714339 /* Models */ = {
			isa = PBXGroup;
			children = (
				D456A98315AA4D22009156CE /* Home */,
				D4685A3215A262F60073AC87 /* APChild.h */,
				D4685A3315A262F60073AC87 /* APChild.m */,
				D4811B9715A39A7D00A82E56 /* APApp.h */,
				D4811B9815A39A7D00A82E56 /* APApp.m */,
				D456A97A15AA4C1F009156CE /* APServerAppResults.h */,
				D456A97B15AA4C1F009156CE /* APServerAppResults.m */,
				D414FEFA15AC92D10064A7AF /* APSettings.h */,
				D414FEFB15AC92D20064A7AF /* APSettings.m */,
				D4605D5615AD42A300C98811 /* APChildManager.h */,
				D4605D5715AD42A300C98811 /* APChildManager.m */,
			);
			path = Models;
			sourceTree = "<group>";
		};
		D44629EC159E309500714339 /* Views */ = {
			isa = PBXGroup;
			children = (
				D4811B7F15A3875200A82E56 /* App */,
				D4811B7E15A3872900A82E56 /* Details */,
				D4811B7A15A37EA200A82E56 /* Home */,
				D46859F615A21F930073AC87 /* General */,
				D4078EE21598ECA0000C0E4E /* MainStoryboard.storyboard */,
			);
			path = Views;
			sourceTree = "<group>";
		};
		D456A90B15A5F97C009156CE /* OpenSource */ = {
			isa = PBXGroup;
			children = (
				D456A90C15A5F97C009156CE /* SVPullToRefresh */,
			);
			path = OpenSource;
			sourceTree = "<group>";
		};
		D456A90C15A5F97C009156CE /* SVPullToRefresh */ = {
			isa = PBXGroup;
			children = (
				D456A90D15A5F97C009156CE /* SVPullToRefresh.h */,
				D456A90E15A5F97C009156CE /* SVPullToRefresh.m */,
			);
			path = SVPullToRefresh;
			sourceTree = "<group>";
		};
		D456A98315AA4D22009156CE /* Home */ = {
			isa = PBXGroup;
			children = (
				D456A98615AA4D23009156CE /* APServerHomeSection.h */,
				D456A98715AA4D23009156CE /* APServerHomeSection.m */,
			);
			path = Home;
			sourceTree = "<group>";
		};
		D46859C315A2110D0073AC87 /* Products */ = {
			isa = PBXGroup;
			children = (
				D46859CC15A2110D0073AC87 /* libSDWebImage.a */,
				D46859CE15A2110D0073AC87 /* libSDWebImageARC.a */,
				D46859D015A2110D0073AC87 /* libSDWebImageARC+MKAnnotation.a */,
			);
			name = Products;
			sourceTree = "<group>";
		};
		D46859F615A21F930073AC87 /* General */ = {
			isa = PBXGroup;
			children = (
				D4685A2415A2402E0073AC87 /* NavigationStoryboard.storyboard */,
				D4811B7315A3762500A82E56 /* APChildCell.h */,
				D4811B7415A3762500A82E56 /* APChildCell.m */,
				D456A95C15A94566009156CE /* TogglingImageView.h */,
				D456A95D15A9456A009156CE /* TogglingImageView.m */,
				D456A95715A7FC93009156CE /* APDeviceSelectorViewController.h */,
				D456A95815A7FC93009156CE /* APDeviceSelectorViewController.m */,
			);
			name = General;
			sourceTree = "<group>";
		};
		D4685A2015A23D260073AC87 /* Flurry */ = {
			isa = PBXGroup;
			children = (
				D4685A2115A23D260073AC87 /* Flurry.h */,
				D4685A2215A23D260073AC87 /* libFlurry.a */,
			);
			name = Flurry;
			path = Frameworks/Flurry;
			sourceTree = "<group>";
		};
		D4811B7615A37E0100A82E56 /* Home */ = {
			isa = PBXGroup;
			children = (
				D4811B7715A37E8000A82E56 /* APHomeContentViewController.h */,
				D4811B7815A37E8000A82E56 /* APHomeContentViewController.m */,
				D456A91815A62395009156CE /* APHomeDefaultContentView.h */,
				D456A91915A62396009156CE /* APHomeDefaultContentView.m */,
			);
			path = Home;
			sourceTree = "<group>";
		};
		D4811B7A15A37EA200A82E56 /* Home */ = {
			isa = PBXGroup;
			children = (
				D4811B7B15A37ECE00A82E56 /* HomeContentStoryboard.storyboard */,
			);
			path = Home;
			sourceTree = "<group>";
		};
		D4811B7D15A3871A00A82E56 /* Details */ = {
			isa = PBXGroup;
			children = (
			);
			path = Details;
			sourceTree = "<group>";
		};
		D4811B7E15A3872900A82E56 /* Details */ = {
			isa = PBXGroup;
			children = (
			);
			path = Details;
			sourceTree = "<group>";
		};
		D4811B7F15A3875200A82E56 /* App */ = {
			isa = PBXGroup;
			children = (
				D4811B8A15A3922300A82E56 /* Rating */,
				D4811B8015A3877E00A82E56 /* APAppIconView.h */,
				D4811B8115A3877E00A82E56 /* APAppIconView.m */,
				D4811B8315A387B300A82E56 /* APAppIconView.xib */,
				D456A91B15A67FD5009156CE /* APHomeAppSectionCell.h */,
				D456A91C15A67FD5009156CE /* APHomeAppSectionCell.m */,
				D456A91E15A681C8009156CE /* APHomeAppSectionCell.xib */,
			);
			path = App;
			sourceTree = "<group>";
		};
		D4811B8515A388B800A82E56 /* Testing */ = {
			isa = PBXGroup;
			children = (
				D456A97215A9F494009156CE /* ipad-norml.png */,
				D456A97315A9F494009156CE /* ipad-selected.png */,
				D456A97415A9F494009156CE /* iphone-norml.png */,
				D456A97515A9F494009156CE /* iphone-selected.png */,
				D4811B9115A395A100A82E56 /* star.png */,
				D4811B9215A395A100A82E56 /* starhalf.png */,
				D4811B9315A395A100A82E56 /* starhighlighted.png */,
			);
			path = Testing;
			sourceTree = "<group>";
		};
		D4811B8A15A3922300A82E56 /* Rating */ = {
			isa = PBXGroup;
			children = (
				D4811B8F15A3927F00A82E56 /* RateView.h */,
				D4811B8E15A3927F00A82E56 /* RateView.m */,
			);
			path = Rating;
			sourceTree = "<group>";
		};
		D4811BA815A3CC3F00A82E56 /* Data */ = {
			isa = PBXGroup;
			children = (
				D4811BA915A3CC3F00A82E56 /* sample-apps.plist */,
				D4811BAF15A3D38300A82E56 /* Constants.h */,
				D456A98A15AA6527009156CE /* home-sample-data.plist */,
			);
			path = Data;
			sourceTree = "<group>";
		};
/* End PBXGroup section */

/* Begin PBXNativeTarget section */
		D4078EC21598EC9D000C0E4E /* AppPlayground */ = {
			isa = PBXNativeTarget;
			buildConfigurationList = D4078EFC1598ECA2000C0E4E /* Build configuration list for PBXNativeTarget "AppPlayground" */;
			buildPhases = (
				D4078EBF1598EC9D000C0E4E /* Sources */,
				D4078EC01598EC9D000C0E4E /* Frameworks */,
				D4078EC11598EC9D000C0E4E /* Resources */,
			);
			buildRules = (
			);
			dependencies = (
				D46859D215A2113A0073AC87 /* PBXTargetDependency */,
				D440EFBA15A1064E00004C38 /* PBXTargetDependency */,
			);
			name = AppPlayground;
			productName = AppPlayground;
			productReference = D4078EC31598EC9D000C0E4E /* AppPlayground.app */;
			productType = "com.apple.product-type.application";
		};
		D4078EE91598ECA2000C0E4E /* AppPlaygroundTests */ = {
			isa = PBXNativeTarget;
			buildConfigurationList = D4078EFF1598ECA2000C0E4E /* Build configuration list for PBXNativeTarget "AppPlaygroundTests" */;
			buildPhases = (
				D4078EE51598ECA2000C0E4E /* Sources */,
				D4078EE61598ECA2000C0E4E /* Frameworks */,
				D4078EE71598ECA2000C0E4E /* Resources */,
				D4078EE81598ECA2000C0E4E /* ShellScript */,
			);
			buildRules = (
			);
			dependencies = (
				D4078EF01598ECA2000C0E4E /* PBXTargetDependency */,
			);
			name = AppPlaygroundTests;
			productName = AppPlaygroundTests;
			productReference = D4078EEA1598ECA2000C0E4E /* AppPlaygroundTests.octest */;
			productType = "com.apple.product-type.bundle";
		};
/* End PBXNativeTarget section */

/* Begin PBXProject section */
		D4078EBA1598EC9C000C0E4E /* Project object */ = {
			isa = PBXProject;
			attributes = {
				CLASSPREFIX = AP;
				LastUpgradeCheck = 0430;
				ORGANIZATIONNAME = AppPlayground;
			};
			buildConfigurationList = D4078EBD1598EC9C000C0E4E /* Build configuration list for PBXProject "AppPlayground" */;
			compatibilityVersion = "Xcode 3.2";
			developmentRegion = English;
			hasScannedForEncodings = 0;
			knownRegions = (
				en,
			);
			mainGroup = D4078EB81598EC9C000C0E4E;
			productRefGroup = D4078EC41598EC9D000C0E4E /* Products */;
			projectDirPath = "";
			projectReferences = (
				{
					ProductGroup = D440EFA515A1057500004C38 /* Products */;
					ProjectRef = D440EFA415A1057500004C38 /* RestKit.xcodeproj */;
				},
				{
					ProductGroup = D46859C315A2110D0073AC87 /* Products */;
					ProjectRef = D46859C215A2110D0073AC87 /* SDWebImage.xcodeproj */;
				},
			);
			projectRoot = "";
			targets = (
				D4078EC21598EC9D000C0E4E /* AppPlayground */,
				D4078EE91598ECA2000C0E4E /* AppPlaygroundTests */,
			);
		};
/* End PBXProject section */

/* Begin PBXReferenceProxy section */
		D440EFB015A1057600004C38 /* libRestKit.a */ = {
			isa = PBXReferenceProxy;
			fileType = archive.ar;
			path = libRestKit.a;
			remoteRef = D440EFAF15A1057600004C38 /* PBXContainerItemProxy */;
			sourceTree = BUILT_PRODUCTS_DIR;
		};
		D440EFB215A1057600004C38 /* RestKitTests.octest */ = {
			isa = PBXReferenceProxy;
			fileType = wrapper.cfbundle;
			path = RestKitTests.octest;
			remoteRef = D440EFB115A1057600004C38 /* PBXContainerItemProxy */;
			sourceTree = BUILT_PRODUCTS_DIR;
		};
		D440EFB415A1057600004C38 /* RestKit.framework */ = {
			isa = PBXReferenceProxy;
			fileType = wrapper.framework;
			path = RestKit.framework;
			remoteRef = D440EFB315A1057600004C38 /* PBXContainerItemProxy */;
			sourceTree = BUILT_PRODUCTS_DIR;
		};
		D440EFB615A1057600004C38 /* RestKitFrameworkTests.octest */ = {
			isa = PBXReferenceProxy;
			fileType = wrapper.cfbundle;
			path = RestKitFrameworkTests.octest;
			remoteRef = D440EFB515A1057600004C38 /* PBXContainerItemProxy */;
			sourceTree = BUILT_PRODUCTS_DIR;
		};
		D440EFB815A1057600004C38 /* RestKitResources.bundle */ = {
			isa = PBXReferenceProxy;
			fileType = wrapper.cfbundle;
			path = RestKitResources.bundle;
			remoteRef = D440EFB715A1057600004C38 /* PBXContainerItemProxy */;
			sourceTree = BUILT_PRODUCTS_DIR;
		};
		D46859CC15A2110D0073AC87 /* libSDWebImage.a */ = {
			isa = PBXReferenceProxy;
			fileType = archive.ar;
			path = libSDWebImage.a;
			remoteRef = D46859CB15A2110D0073AC87 /* PBXContainerItemProxy */;
			sourceTree = BUILT_PRODUCTS_DIR;
		};
		D46859CE15A2110D0073AC87 /* libSDWebImageARC.a */ = {
			isa = PBXReferenceProxy;
			fileType = archive.ar;
			path = libSDWebImageARC.a;
			remoteRef = D46859CD15A2110D0073AC87 /* PBXContainerItemProxy */;
			sourceTree = BUILT_PRODUCTS_DIR;
		};
		D46859D015A2110D0073AC87 /* libSDWebImageARC+MKAnnotation.a */ = {
			isa = PBXReferenceProxy;
			fileType = archive.ar;
			path = "libSDWebImageARC+MKAnnotation.a";
			remoteRef = D46859CF15A2110D0073AC87 /* PBXContainerItemProxy */;
			sourceTree = BUILT_PRODUCTS_DIR;
		};
/* End PBXReferenceProxy section */

/* Begin PBXResourcesBuildPhase section */
		D4078EC11598EC9D000C0E4E /* Resources */ = {
			isa = PBXResourcesBuildPhase;
			buildActionMask = 2147483647;
			files = (
				D4078ED21598EC9F000C0E4E /* InfoPlist.strings in Resources */,
				D4078EE41598ECA0000C0E4E /* MainStoryboard.storyboard in Resources */,
				D4685A2515A2402E0073AC87 /* NavigationStoryboard.storyboard in Resources */,
				D4811B7C15A37ECE00A82E56 /* HomeContentStoryboard.storyboard in Resources */,
				D4811B8415A387B300A82E56 /* APAppIconView.xib in Resources */,
				D4811B9415A395A100A82E56 /* star.png in Resources */,
				D4811B9515A395A100A82E56 /* starhalf.png in Resources */,
				D4811B9615A395A100A82E56 /* starhighlighted.png in Resources */,
				D4811BAA15A3CC3F00A82E56 /* sample-apps.plist in Resources */,
				D456A91F15A681C9009156CE /* APHomeAppSectionCell.xib in Resources */,
				D456A97615A9F494009156CE /* ipad-norml.png in Resources */,
				D456A97715A9F494009156CE /* ipad-selected.png in Resources */,
				D456A97815A9F494009156CE /* iphone-norml.png in Resources */,
				D456A97915A9F494009156CE /* iphone-selected.png in Resources */,
				D456A98B15AA6527009156CE /* home-sample-data.plist in Resources */,
			);
			runOnlyForDeploymentPostprocessing = 0;
		};
		D4078EE71598ECA2000C0E4E /* Resources */ = {
			isa = PBXResourcesBuildPhase;
			buildActionMask = 2147483647;
			files = (
			);
			runOnlyForDeploymentPostprocessing = 0;
		};
/* End PBXResourcesBuildPhase section */

/* Begin PBXShellScriptBuildPhase section */
		D4078EE81598ECA2000C0E4E /* ShellScript */ = {
			isa = PBXShellScriptBuildPhase;
			buildActionMask = 2147483647;
			files = (
			);
			inputPaths = (
			);
			outputPaths = (
			);
			runOnlyForDeploymentPostprocessing = 0;
			shellPath = /bin/sh;
			shellScript = "# Run the unit tests in this test bundle.\n\"${SYSTEM_DEVELOPER_DIR}/Tools/RunUnitTests\"\n";
		};
/* End PBXShellScriptBuildPhase section */

/* Begin PBXSourcesBuildPhase section */
		D4078EBF1598EC9D000C0E4E /* Sources */ = {
			isa = PBXSourcesBuildPhase;
			buildActionMask = 2147483647;
			files = (
				D4078ED41598EC9F000C0E4E /* main.m in Sources */,
				D4078ED81598EC9F000C0E4E /* APAppDelegate.m in Sources */,
				D46859F415A21F680073AC87 /* APGlobalNavigationViewController.m in Sources */,
				D4685A3415A262F60073AC87 /* APChild.m in Sources */,
				D4685A4B15A273BC0073AC87 /* APChildSelectorViewController.m in Sources */,
				D4685A6715A285C90073AC87 /* APPersistenceManager.m in Sources */,
				D4811B7515A3762500A82E56 /* APChildCell.m in Sources */,
				D4811B7915A37E8000A82E56 /* APHomeContentViewController.m in Sources */,
				D4811B8215A3877E00A82E56 /* APAppIconView.m in Sources */,
				D4811B9915A39A7D00A82E56 /* APApp.m in Sources */,
				D4811BA215A3A01A00A82E56 /* NSString+EasyIcon.m in Sources */,
				D456A90F15A5F97C009156CE /* SVPullToRefresh.m in Sources */,
				D456A91A15A62396009156CE /* APHomeDefaultContentView.m in Sources */,
				D456A91D15A67FD5009156CE /* APHomeAppSectionCell.m in Sources */,
				D456A93715A7D7C3009156CE /* RateView.m in Sources */,
				D456A95A15A7FC95009156CE /* APDeviceSelectorViewController.m in Sources */,
				D456A95E15A9456D009156CE /* TogglingImageView.m in Sources */,
				D456A97C15AA4C20009156CE /* APServerAppResults.m in Sources */,
				D456A98915AA4D23009156CE /* APServerHomeSection.m in Sources */,
				D456A99015AA7E92009156CE /* NSNumber+Currency.m in Sources */,
				D456A99315AA84A7009156CE /* UIView+CustomView.m in Sources */,
				D414FEFC15AC92D20064A7AF /* APSettings.m in Sources */,
				D4605D5815AD42A300C98811 /* APChildManager.m in Sources */,
			);
			runOnlyForDeploymentPostprocessing = 0;
		};
		D4078EE51598ECA2000C0E4E /* Sources */ = {
			isa = PBXSourcesBuildPhase;
			buildActionMask = 2147483647;
			files = (
			);
			runOnlyForDeploymentPostprocessing = 0;
		};
/* End PBXSourcesBuildPhase section */

/* Begin PBXTargetDependency section */
		D4078EF01598ECA2000C0E4E /* PBXTargetDependency */ = {
			isa = PBXTargetDependency;
			target = D4078EC21598EC9D000C0E4E /* AppPlayground */;
			targetProxy = D4078EEF1598ECA2000C0E4E /* PBXContainerItemProxy */;
		};
		D440EFBA15A1064E00004C38 /* PBXTargetDependency */ = {
			isa = PBXTargetDependency;
			name = RestKit;
			targetProxy = D440EFB915A1064E00004C38 /* PBXContainerItemProxy */;
		};
		D46859D215A2113A0073AC87 /* PBXTargetDependency */ = {
			isa = PBXTargetDependency;
			name = "SDWebImage ARC";
			targetProxy = D46859D115A2113A0073AC87 /* PBXContainerItemProxy */;
		};
/* End PBXTargetDependency section */

/* Begin PBXVariantGroup section */
		D4078ED01598EC9F000C0E4E /* InfoPlist.strings */ = {
			isa = PBXVariantGroup;
			children = (
				D4078ED11598EC9F000C0E4E /* en */,
			);
			name = InfoPlist.strings;
			sourceTree = "<group>";
		};
		D4078EE21598ECA0000C0E4E /* MainStoryboard.storyboard */ = {
			isa = PBXVariantGroup;
			children = (
				D4078EE31598ECA0000C0E4E /* en */,
			);
			name = MainStoryboard.storyboard;
			path = ..;
			sourceTree = "<group>";
		};
/* End PBXVariantGroup section */

/* Begin XCBuildConfiguration section */
		D4078EFA1598ECA2000C0E4E /* Debug */ = {
			isa = XCBuildConfiguration;
			buildSettings = {
				ALWAYS_SEARCH_USER_PATHS = NO;
				ARCHS = "$(ARCHS_STANDARD_32_BIT)";
				CLANG_ENABLE_OBJC_ARC = YES;
				"CODE_SIGN_IDENTITY[sdk=iphoneos*]" = "iPhone Developer";
				COPY_PHASE_STRIP = NO;
				GCC_C_LANGUAGE_STANDARD = gnu99;
				GCC_DYNAMIC_NO_PIC = NO;
				GCC_OPTIMIZATION_LEVEL = 0;
				GCC_PREPROCESSOR_DEFINITIONS = (
					"DEBUG=1",
					"$(inherited)",
				);
				GCC_SYMBOLS_PRIVATE_EXTERN = NO;
				GCC_VERSION = com.apple.compilers.llvm.clang.1_0;
				GCC_WARN_ABOUT_RETURN_TYPE = YES;
				GCC_WARN_UNINITIALIZED_AUTOS = YES;
				GCC_WARN_UNUSED_VARIABLE = YES;
				IPHONEOS_DEPLOYMENT_TARGET = 5.0;
				SDKROOT = iphoneos;
				TARGETED_DEVICE_FAMILY = 2;
			};
			name = Debug;
		};
		D4078EFB1598ECA2000C0E4E /* Release */ = {
			isa = XCBuildConfiguration;
			buildSettings = {
				ALWAYS_SEARCH_USER_PATHS = NO;
				ARCHS = "$(ARCHS_STANDARD_32_BIT)";
				CLANG_ENABLE_OBJC_ARC = YES;
				"CODE_SIGN_IDENTITY[sdk=iphoneos*]" = "iPhone Developer";
				COPY_PHASE_STRIP = YES;
				GCC_C_LANGUAGE_STANDARD = gnu99;
				GCC_VERSION = com.apple.compilers.llvm.clang.1_0;
				GCC_WARN_ABOUT_RETURN_TYPE = YES;
				GCC_WARN_UNINITIALIZED_AUTOS = YES;
				GCC_WARN_UNUSED_VARIABLE = YES;
				IPHONEOS_DEPLOYMENT_TARGET = 5.0;
				OTHER_CFLAGS = "-DNS_BLOCK_ASSERTIONS=1";
				SDKROOT = iphoneos;
				TARGETED_DEVICE_FAMILY = 2;
				VALIDATE_PRODUCT = YES;
			};
			name = Release;
		};
		D4078EFD1598ECA2000C0E4E /* Debug */ = {
			isa = XCBuildConfiguration;
			buildSettings = {
				FRAMEWORK_SEARCH_PATHS = (
					"$(inherited)",
					"\"$(SRCROOT)\"",
					"\"$(SRCROOT)/Frameworks\"",
				);
				GCC_PRECOMPILE_PREFIX_HEADER = YES;
				GCC_PREFIX_HEADER = "AppPlayground/AppPlayground-Prefix.pch";
				HEADER_SEARCH_PATHS = (
					"\"$(BUILT_PRODUCTS_DIR)/../../Headers\"",
					"”$(TARGET_BUILD_DIR)/usr/local/lib/include”",
					"”$(OBJROOT)/UninstalledProducts/include”",
				);
				INFOPLIST_FILE = "AppPlayground/AppPlayground-Info.plist";
				IPHONEOS_DEPLOYMENT_TARGET = 5.0;
				LIBRARY_SEARCH_PATHS = (
					"$(inherited)",
					"\"$(SRCROOT)/AppPlayground\"",
					"\"$(SRCROOT)/Frameworks/Flurry\"",
				);
				OTHER_LDFLAGS = (
					"-ObjC",
					"-all_load",
				);
				PRODUCT_NAME = "$(TARGET_NAME)";
				USER_HEADER_SEARCH_PATHS = "$(inherited)";
				WRAPPER_EXTENSION = app;
			};
			name = Debug;
		};
		D4078EFE1598ECA2000C0E4E /* Release */ = {
			isa = XCBuildConfiguration;
			buildSettings = {
				FRAMEWORK_SEARCH_PATHS = (
					"$(inherited)",
					"\"$(SRCROOT)\"",
					"\"$(SRCROOT)/Frameworks\"",
				);
				GCC_PRECOMPILE_PREFIX_HEADER = YES;
				GCC_PREFIX_HEADER = "AppPlayground/AppPlayground-Prefix.pch";
				HEADER_SEARCH_PATHS = (
					"\"$(BUILT_PRODUCTS_DIR)/../../Headers\"",
					"”$(TARGET_BUILD_DIR)/usr/local/lib/include”",
					"”$(OBJROOT)/UninstalledProducts/include”",
				);
				INFOPLIST_FILE = "AppPlayground/AppPlayground-Info.plist";
				IPHONEOS_DEPLOYMENT_TARGET = 5.0;
				LIBRARY_SEARCH_PATHS = (
					"$(inherited)",
					"\"$(SRCROOT)/AppPlayground\"",
					"\"$(SRCROOT)/Frameworks/Flurry\"",
				);
				OTHER_LDFLAGS = (
					"-ObjC",
					"-all_load",
				);
				PRODUCT_NAME = "$(TARGET_NAME)";
				USER_HEADER_SEARCH_PATHS = "$(inherited)";
				WRAPPER_EXTENSION = app;
			};
			name = Release;
		};
		D4078F001598ECA2000C0E4E /* Debug */ = {
			isa = XCBuildConfiguration;
			buildSettings = {
				BUNDLE_LOADER = "$(BUILT_PRODUCTS_DIR)/AppPlayground.app/AppPlayground";
				FRAMEWORK_SEARCH_PATHS = (
					"$(SDKROOT)/Developer/Library/Frameworks",
					"$(DEVELOPER_LIBRARY_DIR)/Frameworks",
				);
				GCC_PRECOMPILE_PREFIX_HEADER = YES;
				GCC_PREFIX_HEADER = "AppPlayground/AppPlayground-Prefix.pch";
				INFOPLIST_FILE = "AppPlaygroundTests/AppPlaygroundTests-Info.plist";
				LIBRARY_SEARCH_PATHS = (
					"$(inherited)",
					"\"$(SRCROOT)\"",
					"\"$(SRCROOT)/Frameworks/Flurry\"",
					"\"$(SRCROOT)/AppPlayground\"",
				);
				PRODUCT_NAME = "$(TARGET_NAME)";
				TEST_HOST = "$(BUNDLE_LOADER)";
				WRAPPER_EXTENSION = octest;
			};
			name = Debug;
		};
		D4078F011598ECA2000C0E4E /* Release */ = {
			isa = XCBuildConfiguration;
			buildSettings = {
				BUNDLE_LOADER = "$(BUILT_PRODUCTS_DIR)/AppPlayground.app/AppPlayground";
				FRAMEWORK_SEARCH_PATHS = (
					"$(SDKROOT)/Developer/Library/Frameworks",
					"$(DEVELOPER_LIBRARY_DIR)/Frameworks",
				);
				GCC_PRECOMPILE_PREFIX_HEADER = YES;
				GCC_PREFIX_HEADER = "AppPlayground/AppPlayground-Prefix.pch";
				INFOPLIST_FILE = "AppPlaygroundTests/AppPlaygroundTests-Info.plist";
				LIBRARY_SEARCH_PATHS = (
					"$(inherited)",
					"\"$(SRCROOT)\"",
					"\"$(SRCROOT)/Frameworks/Flurry\"",
					"\"$(SRCROOT)/AppPlayground\"",
				);
				PRODUCT_NAME = "$(TARGET_NAME)";
				TEST_HOST = "$(BUNDLE_LOADER)";
				WRAPPER_EXTENSION = octest;
			};
			name = Release;
		};
/* End XCBuildConfiguration section */

/* Begin XCConfigurationList section */
		D4078EBD1598EC9C000C0E4E /* Build configuration list for PBXProject "AppPlayground" */ = {
			isa = XCConfigurationList;
			buildConfigurations = (
				D4078EFA1598ECA2000C0E4E /* Debug */,
				D4078EFB1598ECA2000C0E4E /* Release */,
			);
			defaultConfigurationIsVisible = 0;
			defaultConfigurationName = Release;
		};
		D4078EFC1598ECA2000C0E4E /* Build configuration list for PBXNativeTarget "AppPlayground" */ = {
			isa = XCConfigurationList;
			buildConfigurations = (
				D4078EFD1598ECA2000C0E4E /* Debug */,
				D4078EFE1598ECA2000C0E4E /* Release */,
			);
			defaultConfigurationIsVisible = 0;
			defaultConfigurationName = Release;
		};
		D4078EFF1598ECA2000C0E4E /* Build configuration list for PBXNativeTarget "AppPlaygroundTests" */ = {
			isa = XCConfigurationList;
			buildConfigurations = (
				D4078F001598ECA2000C0E4E /* Debug */,
				D4078F011598ECA2000C0E4E /* Release */,
			);
			defaultConfigurationIsVisible = 0;
			defaultConfigurationName = Release;
		};
/* End XCConfigurationList section */
	};
	rootObject = D4078EBA1598EC9C000C0E4E /* Project object */;
}
