// !$*UTF8*$!
{
	archiveVersion = 1;
	classes = {
	};
	objectVersion = 46;
	objects = {

/* Begin PBXBuildFile section */
		D4078EC81598EC9E000C0E4E /* UIKit.framework in Frameworks */ = {isa = PBXBuildFile; fileRef = D4078EC71598EC9E000C0E4E /* UIKit.framework */; };
		D4078ECA1598EC9E000C0E4E /* Foundation.framework in Frameworks */ = {isa = PBXBuildFile; fileRef = D4078EC91598EC9E000C0E4E /* Foundation.framework */; };
		D4078ECC1598EC9E000C0E4E /* CoreGraphics.framework in Frameworks */ = {isa = PBXBuildFile; fileRef = D4078ECB1598EC9E000C0E4E /* CoreGraphics.framework */; };
		D4078ED21598EC9F000C0E4E /* InfoPlist.strings in Resources */ = {isa = PBXBuildFile; fileRef = D4078ED01598EC9F000C0E4E /* InfoPlist.strings */; };
		D4078ED41598EC9F000C0E4E /* main.m in Sources */ = {isa = PBXBuildFile; fileRef = D4078ED31598EC9F000C0E4E /* main.m */; };
		D4078ED81598EC9F000C0E4E /* APAppDelegate.m in Sources */ = {isa = PBXBuildFile; fileRef = D4078ED71598EC9F000C0E4E /* APAppDelegate.m */; };
		D4078EDB1598EC9F000C0E4E /* APRootViewController.m in Sources */ = {isa = PBXBuildFile; fileRef = D4078EDA1598EC9F000C0E4E /* APRootViewController.m */; };
		D4078EDE1598EC9F000C0E4E /* APDataViewController.m in Sources */ = {isa = PBXBuildFile; fileRef = D4078EDD1598EC9F000C0E4E /* APDataViewController.m */; };
		D4078EE11598ECA0000C0E4E /* APModelController.m in Sources */ = {isa = PBXBuildFile; fileRef = D4078EE01598ECA0000C0E4E /* APModelController.m */; };
		D4078EE41598ECA0000C0E4E /* MainStoryboard.storyboard in Resources */ = {isa = PBXBuildFile; fileRef = D4078EE21598ECA0000C0E4E /* MainStoryboard.storyboard */; };
		D4078EEC1598ECA2000C0E4E /* SenTestingKit.framework in Frameworks */ = {isa = PBXBuildFile; fileRef = D4078EEB1598ECA2000C0E4E /* SenTestingKit.framework */; };
		D4078EED1598ECA2000C0E4E /* UIKit.framework in Frameworks */ = {isa = PBXBuildFile; fileRef = D4078EC71598EC9E000C0E4E /* UIKit.framework */; };
		D4078EEE1598ECA2000C0E4E /* Foundation.framework in Frameworks */ = {isa = PBXBuildFile; fileRef = D4078EC91598EC9E000C0E4E /* Foundation.framework */; };
		D4078EF61598ECA2000C0E4E /* InfoPlist.strings in Resources */ = {isa = PBXBuildFile; fileRef = D4078EF41598ECA2000C0E4E /* InfoPlist.strings */; };
		D4078EF91598ECA2000C0E4E /* AppPlaygroundTests.m in Sources */ = {isa = PBXBuildFile; fileRef = D4078EF81598ECA2000C0E4E /* AppPlaygroundTests.m */; };
/* End PBXBuildFile section */

/* Begin PBXContainerItemProxy section */
		D4078EEF1598ECA2000C0E4E /* PBXContainerItemProxy */ = {
			isa = PBXContainerItemProxy;
			containerPortal = D4078EBA1598EC9C000C0E4E /* Project object */;
			proxyType = 1;
			remoteGlobalIDString = D4078EC21598EC9D000C0E4E;
			remoteInfo = AppPlayground;
		};
/* End PBXContainerItemProxy section */

/* Begin PBXFileReference section */
		D4078EC31598EC9D000C0E4E /* AppPlayground.app */ = {isa = PBXFileReference; explicitFileType = wrapper.application; includeInIndex = 0; path = AppPlayground.app; sourceTree = BUILT_PRODUCTS_DIR; };
		D4078EC71598EC9E000C0E4E /* UIKit.framework */ = {isa = PBXFileReference; lastKnownFileType = wrapper.framework; name = UIKit.framework; path = System/Library/Frameworks/UIKit.framework; sourceTree = SDKROOT; };
		D4078EC91598EC9E000C0E4E /* Foundation.framework */ = {isa = PBXFileReference; lastKnownFileType = wrapper.framework; name = Foundation.framework; path = System/Library/Frameworks/Foundation.framework; sourceTree = SDKROOT; };
		D4078ECB1598EC9E000C0E4E /* CoreGraphics.framework */ = {isa = PBXFileReference; lastKnownFileType = wrapper.framework; name = CoreGraphics.framework; path = System/Library/Frameworks/CoreGraphics.framework; sourceTree = SDKROOT; };
		D4078ECF1598EC9E000C0E4E /* AppPlayground-Info.plist */ = {isa = PBXFileReference; path = "AppPlayground-Info.plist"; sourceTree = "<group>"; };
		D4078ED11598EC9F000C0E4E /* en */ = {isa = PBXFileReference; lastKnownFileType = text.plist.strings; name = en; path = en.lproj/InfoPlist.strings; sourceTree = "<group>"; };
		D4078ED31598EC9F000C0E4E /* main.m */ = {isa = PBXFileReference; lastKnownFileType = sourcecode.c.objc; path = main.m; sourceTree = "<group>"; };
		D4078ED51598EC9F000C0E4E /* AppPlayground-Prefix.pch */ = {isa = PBXFileReference; path = "AppPlayground-Prefix.pch"; sourceTree = "<group>"; };
		D4078ED61598EC9F000C0E4E /* APAppDelegate.h */ = {isa = PBXFileReference; path = APAppDelegate.h; sourceTree = "<group>"; };
		D4078ED71598EC9F000C0E4E /* APAppDelegate.m */ = {isa = PBXFileReference; lastKnownFileType = sourcecode.c.objc; path = APAppDelegate.m; sourceTree = "<group>"; };
		D4078ED91598EC9F000C0E4E /* APRootViewController.h */ = {isa = PBXFileReference; path = APRootViewController.h; sourceTree = "<group>"; };
		D4078EDA1598EC9F000C0E4E /* APRootViewController.m */ = {isa = PBXFileReference; lastKnownFileType = sourcecode.c.objc; path = APRootViewController.m; sourceTree = "<group>"; };
		D4078EDC1598EC9F000C0E4E /* APDataViewController.h */ = {isa = PBXFileReference; path = APDataViewController.h; sourceTree = "<group>"; };
		D4078EDD1598EC9F000C0E4E /* APDataViewController.m */ = {isa = PBXFileReference; lastKnownFileType = sourcecode.c.objc; path = APDataViewController.m; sourceTree = "<group>"; };
		D4078EDF1598EC9F000C0E4E /* APModelController.h */ = {isa = PBXFileReference; path = APModelController.h; sourceTree = "<group>"; };
		D4078EE01598ECA0000C0E4E /* APModelController.m */ = {isa = PBXFileReference; lastKnownFileType = sourcecode.c.objc; path = APModelController.m; sourceTree = "<group>"; };
		D4078EE31598ECA0000C0E4E /* en */ = {isa = PBXFileReference; lastKnownFileType = file.storyboard; name = en; path = en.lproj/MainStoryboard.storyboard; sourceTree = "<group>"; };
		D4078EEA1598ECA2000C0E4E /* AppPlaygroundTests.octest */ = {isa = PBXFileReference; explicitFileType = wrapper.cfbundle; includeInIndex = 0; path = AppPlaygroundTests.octest; sourceTree = BUILT_PRODUCTS_DIR; };
		D4078EEB1598ECA2000C0E4E /* SenTestingKit.framework */ = {isa = PBXFileReference; lastKnownFileType = wrapper.framework; name = SenTestingKit.framework; path = Library/Frameworks/SenTestingKit.framework; sourceTree = DEVELOPER_DIR; };
		D4078EF31598ECA2000C0E4E /* AppPlaygroundTests-Info.plist */ = {isa = PBXFileReference; path = "AppPlaygroundTests-Info.plist"; sourceTree = "<group>"; };
		D4078EF51598ECA2000C0E4E /* en */ = {isa = PBXFileReference; lastKnownFileType = text.plist.strings; name = en; path = en.lproj/InfoPlist.strings; sourceTree = "<group>"; };
		D4078EF71598ECA2000C0E4E /* AppPlaygroundTests.h */ = {isa = PBXFileReference; path = AppPlaygroundTests.h; sourceTree = "<group>"; };
		D4078EF81598ECA2000C0E4E /* AppPlaygroundTests.m */ = {isa = PBXFileReference; lastKnownFileType = sourcecode.c.objc; path = AppPlaygroundTests.m; sourceTree = "<group>"; };
/* End PBXFileReference section */

/* Begin PBXFrameworksBuildPhase section */
		D4078EC01598EC9D000C0E4E /* Frameworks */ = {
			isa = PBXFrameworksBuildPhase;
			buildActionMask = 2147483647;
			files = (
				D4078EC81598EC9E000C0E4E /* UIKit.framework in Frameworks */,
				D4078ECA1598EC9E000C0E4E /* Foundation.framework in Frameworks */,
				D4078ECC1598EC9E000C0E4E /* CoreGraphics.framework in Frameworks */,
			);
			runOnlyForDeploymentPostprocessing = 0;
		};
		D4078EE61598ECA2000C0E4E /* Frameworks */ = {
			isa = PBXFrameworksBuildPhase;
			buildActionMask = 2147483647;
			files = (
				D4078EEC1598ECA2000C0E4E /* SenTestingKit.framework in Frameworks */,
				D4078EED1598ECA2000C0E4E /* UIKit.framework in Frameworks */,
				D4078EEE1598ECA2000C0E4E /* Foundation.framework in Frameworks */,
			);
			runOnlyForDeploymentPostprocessing = 0;
		};
/* End PBXFrameworksBuildPhase section */

/* Begin PBXGroup section */
		D4078EB81598EC9C000C0E4E = {
			isa = PBXGroup;
			children = (
				D4078ECD1598EC9E000C0E4E /* AppPlayground */,
				D4078EF11598ECA2000C0E4E /* AppPlaygroundTests */,
				D4078EC61598EC9D000C0E4E /* Frameworks */,
				D4078EC41598EC9D000C0E4E /* Products */,
			);
			sourceTree = "<group>";
		};
		D4078EC41598EC9D000C0E4E /* Products */ = {
			isa = PBXGroup;
			children = (
				D4078EC31598EC9D000C0E4E /* AppPlayground.app */,
				D4078EEA1598ECA2000C0E4E /* AppPlaygroundTests.octest */,
			);
			name = Products;
			sourceTree = "<group>";
		};
		D4078EC61598EC9D000C0E4E /* Frameworks */ = {
			isa = PBXGroup;
			children = (
				D4078EC71598EC9E000C0E4E /* UIKit.framework */,
				D4078EC91598EC9E000C0E4E /* Foundation.framework */,
				D4078ECB1598EC9E000C0E4E /* CoreGraphics.framework */,
				D4078EEB1598ECA2000C0E4E /* SenTestingKit.framework */,
			);
			name = Frameworks;
			sourceTree = "<group>";
		};
		D4078ECD1598EC9E000C0E4E /* AppPlayground */ = {
			isa = PBXGroup;
			children = (
				D4078ED61598EC9F000C0E4E /* APAppDelegate.h */,
				D4078ED71598EC9F000C0E4E /* APAppDelegate.m */,
				D4078ED91598EC9F000C0E4E /* APRootViewController.h */,
				D4078EDA1598EC9F000C0E4E /* APRootViewController.m */,
				D4078EDC1598EC9F000C0E4E /* APDataViewController.h */,
				D4078EDD1598EC9F000C0E4E /* APDataViewController.m */,
				D4078EDF1598EC9F000C0E4E /* APModelController.h */,
				D4078EE01598ECA0000C0E4E /* APModelController.m */,
				D4078EE21598ECA0000C0E4E /* MainStoryboard.storyboard */,
				D4078ECE1598EC9E000C0E4E /* Supporting Files */,
			);
			path = AppPlayground;
			sourceTree = "<group>";
		};
		D4078ECE1598EC9E000C0E4E /* Supporting Files */ = {
			isa = PBXGroup;
			children = (
				D4078ECF1598EC9E000C0E4E /* AppPlayground-Info.plist */,
				D4078ED01598EC9F000C0E4E /* InfoPlist.strings */,
				D4078ED31598EC9F000C0E4E /* main.m */,
				D4078ED51598EC9F000C0E4E /* AppPlayground-Prefix.pch */,
			);
			name = "Supporting Files";
			sourceTree = "<group>";
		};
		D4078EF11598ECA2000C0E4E /* AppPlaygroundTests */ = {
			isa = PBXGroup;
			children = (
				D4078EF71598ECA2000C0E4E /* AppPlaygroundTests.h */,
				D4078EF81598ECA2000C0E4E /* AppPlaygroundTests.m */,
				D4078EF21598ECA2000C0E4E /* Supporting Files */,
			);
			path = AppPlaygroundTests;
			sourceTree = "<group>";
		};
		D4078EF21598ECA2000C0E4E /* Supporting Files */ = {
			isa = PBXGroup;
			children = (
				D4078EF31598ECA2000C0E4E /* AppPlaygroundTests-Info.plist */,
				D4078EF41598ECA2000C0E4E /* InfoPlist.strings */,
			);
			name = "Supporting Files";
			sourceTree = "<group>";
		};
/* End PBXGroup section */

/* Begin PBXNativeTarget section */
		D4078EC21598EC9D000C0E4E /* AppPlayground */ = {
			isa = PBXNativeTarget;
			buildConfigurationList = D4078EFC1598ECA2000C0E4E /* Build configuration list for PBXNativeTarget "AppPlayground" */;
			buildPhases = (
				D4078EBF1598EC9D000C0E4E /* Sources */,
				D4078EC01598EC9D000C0E4E /* Frameworks */,
				D4078EC11598EC9D000C0E4E /* Resources */,
			);
			buildRules = (
			);
			dependencies = (
			);
			name = AppPlayground;
			productName = AppPlayground;
			productReference = D4078EC31598EC9D000C0E4E /* AppPlayground.app */;
			productType = "com.apple.product-type.application";
		};
		D4078EE91598ECA2000C0E4E /* AppPlaygroundTests */ = {
			isa = PBXNativeTarget;
			buildConfigurationList = D4078EFF1598ECA2000C0E4E /* Build configuration list for PBXNativeTarget "AppPlaygroundTests" */;
			buildPhases = (
				D4078EE51598ECA2000C0E4E /* Sources */,
				D4078EE61598ECA2000C0E4E /* Frameworks */,
				D4078EE71598ECA2000C0E4E /* Resources */,
				D4078EE81598ECA2000C0E4E /* ShellScript */,
			);
			buildRules = (
			);
			dependencies = (
				D4078EF01598ECA2000C0E4E /* PBXTargetDependency */,
			);
			name = AppPlaygroundTests;
			productName = AppPlaygroundTests;
			productReference = D4078EEA1598ECA2000C0E4E /* AppPlaygroundTests.octest */;
			productType = "com.apple.product-type.bundle";
		};
/* End PBXNativeTarget section */

/* Begin PBXProject section */
		D4078EBA1598EC9C000C0E4E /* Project object */ = {
			isa = PBXProject;
			attributes = {
				CLASSPREFIX = AP;
				LastUpgradeCheck = 0430;
			};
			buildConfigurationList = D4078EBD1598EC9C000C0E4E /* Build configuration list for PBXProject "AppPlayground" */;
			compatibilityVersion = "Xcode 3.2";
			developmentRegion = English;
			hasScannedForEncodings = 0;
			knownRegions = (
				en,
			);
			mainGroup = D4078EB81598EC9C000C0E4E;
			productRefGroup = D4078EC41598EC9D000C0E4E /* Products */;
			projectDirPath = "";
			projectRoot = "";
			targets = (
				D4078EC21598EC9D000C0E4E /* AppPlayground */,
				D4078EE91598ECA2000C0E4E /* AppPlaygroundTests */,
			);
		};
/* End PBXProject section */

/* Begin PBXResourcesBuildPhase section */
		D4078EC11598EC9D000C0E4E /* Resources */ = {
			isa = PBXResourcesBuildPhase;
			buildActionMask = 2147483647;
			files = (
				D4078ED21598EC9F000C0E4E /* InfoPlist.strings in Resources */,
				D4078EE41598ECA0000C0E4E /* MainStoryboard.storyboard in Resources */,
			);
			runOnlyForDeploymentPostprocessing = 0;
		};
		D4078EE71598ECA2000C0E4E /* Resources */ = {
			isa = PBXResourcesBuildPhase;
			buildActionMask = 2147483647;
			files = (
				D4078EF61598ECA2000C0E4E /* InfoPlist.strings in Resources */,
			);
			runOnlyForDeploymentPostprocessing = 0;
		};
/* End PBXResourcesBuildPhase section */

/* Begin PBXShellScriptBuildPhase section */
		D4078EE81598ECA2000C0E4E /* ShellScript */ = {
			isa = PBXShellScriptBuildPhase;
			buildActionMask = 2147483647;
			files = (
			);
			inputPaths = (
			);
			outputPaths = (
			);
			runOnlyForDeploymentPostprocessing = 0;
			shellPath = /bin/sh;
			shellScript = "# Run the unit tests in this test bundle.\n\"${SYSTEM_DEVELOPER_DIR}/Tools/RunUnitTests\"\n";
		};
/* End PBXShellScriptBuildPhase section */

/* Begin PBXSourcesBuildPhase section */
		D4078EBF1598EC9D000C0E4E /* Sources */ = {
			isa = PBXSourcesBuildPhase;
			buildActionMask = 2147483647;
			files = (
				D4078ED41598EC9F000C0E4E /* main.m in Sources */,
				D4078ED81598EC9F000C0E4E /* APAppDelegate.m in Sources */,
				D4078EDB1598EC9F000C0E4E /* APRootViewController.m in Sources */,
				D4078EDE1598EC9F000C0E4E /* APDataViewController.m in Sources */,
				D4078EE11598ECA0000C0E4E /* APModelController.m in Sources */,
			);
			runOnlyForDeploymentPostprocessing = 0;
		};
		D4078EE51598ECA2000C0E4E /* Sources */ = {
			isa = PBXSourcesBuildPhase;
			buildActionMask = 2147483647;
			files = (
				D4078EF91598ECA2000C0E4E /* AppPlaygroundTests.m in Sources */,
			);
			runOnlyForDeploymentPostprocessing = 0;
		};
/* End PBXSourcesBuildPhase section */

/* Begin PBXTargetDependency section */
		D4078EF01598ECA2000C0E4E /* PBXTargetDependency */ = {
			isa = PBXTargetDependency;
			target = D4078EC21598EC9D000C0E4E /* AppPlayground */;
			targetProxy = D4078EEF1598ECA2000C0E4E /* PBXContainerItemProxy */;
		};
/* End PBXTargetDependency section */

/* Begin PBXVariantGroup section */
		D4078ED01598EC9F000C0E4E /* InfoPlist.strings */ = {
			isa = PBXVariantGroup;
			children = (
				D4078ED11598EC9F000C0E4E /* en */,
			);
			name = InfoPlist.strings;
			sourceTree = "<group>";
		};
		D4078EE21598ECA0000C0E4E /* MainStoryboard.storyboard */ = {
			isa = PBXVariantGroup;
			children = (
				D4078EE31598ECA0000C0E4E /* en */,
			);
			name = MainStoryboard.storyboard;
			sourceTree = "<group>";
		};
		D4078EF41598ECA2000C0E4E /* InfoPlist.strings */ = {
			isa = PBXVariantGroup;
			children = (
				D4078EF51598ECA2000C0E4E /* en */,
			);
			name = InfoPlist.strings;
			sourceTree = "<group>";
		};
/* End PBXVariantGroup section */

/* Begin XCBuildConfiguration section */
		D4078EFA1598ECA2000C0E4E /* Debug */ = {
			isa = XCBuildConfiguration;
			buildSettings = {
				ALWAYS_SEARCH_USER_PATHS = NO;
				ARCHS = "$(ARCHS_STANDARD_32_BIT)";
				CLANG_ENABLE_OBJC_ARC = YES;
				"CODE_SIGN_IDENTITY[sdk=iphoneos*]" = "iPhone Developer";
				COPY_PHASE_STRIP = NO;
				GCC_C_LANGUAGE_STANDARD = gnu99;
				GCC_DYNAMIC_NO_PIC = NO;
				GCC_OPTIMIZATION_LEVEL = 0;
				GCC_PREPROCESSOR_DEFINITIONS = (
					"DEBUG=1",
					"$(inherited)",
				);
				GCC_SYMBOLS_PRIVATE_EXTERN = NO;
				GCC_VERSION = com.apple.compilers.llvm.clang.1_0;
				GCC_WARN_ABOUT_RETURN_TYPE = YES;
				GCC_WARN_UNINITIALIZED_AUTOS = YES;
				GCC_WARN_UNUSED_VARIABLE = YES;
				IPHONEOS_DEPLOYMENT_TARGET = 5.1;
				SDKROOT = iphoneos;
				TARGETED_DEVICE_FAMILY = 2;
			};
			name = Debug;
		};
		D4078EFB1598ECA2000C0E4E /* Release */ = {
			isa = XCBuildConfiguration;
			buildSettings = {
				ALWAYS_SEARCH_USER_PATHS = NO;
				ARCHS = "$(ARCHS_STANDARD_32_BIT)";
				CLANG_ENABLE_OBJC_ARC = YES;
				"CODE_SIGN_IDENTITY[sdk=iphoneos*]" = "iPhone Developer";
				COPY_PHASE_STRIP = YES;
				GCC_C_LANGUAGE_STANDARD = gnu99;
				GCC_VERSION = com.apple.compilers.llvm.clang.1_0;
				GCC_WARN_ABOUT_RETURN_TYPE = YES;
				GCC_WARN_UNINITIALIZED_AUTOS = YES;
				GCC_WARN_UNUSED_VARIABLE = YES;
				IPHONEOS_DEPLOYMENT_TARGET = 5.1;
				OTHER_CFLAGS = "-DNS_BLOCK_ASSERTIONS=1";
				SDKROOT = iphoneos;
				TARGETED_DEVICE_FAMILY = 2;
				VALIDATE_PRODUCT = YES;
			};
			name = Release;
		};
		D4078EFD1598ECA2000C0E4E /* Debug */ = {
			isa = XCBuildConfiguration;
			buildSettings = {
				GCC_PRECOMPILE_PREFIX_HEADER = YES;
				GCC_PREFIX_HEADER = "AppPlayground/AppPlayground-Prefix.pch";
				INFOPLIST_FILE = "AppPlayground/AppPlayground-Info.plist";
				PRODUCT_NAME = "$(TARGET_NAME)";
				WRAPPER_EXTENSION = app;
			};
			name = Debug;
		};
		D4078EFE1598ECA2000C0E4E /* Release */ = {
			isa = XCBuildConfiguration;
			buildSettings = {
				GCC_PRECOMPILE_PREFIX_HEADER = YES;
				GCC_PREFIX_HEADER = "AppPlayground/AppPlayground-Prefix.pch";
				INFOPLIST_FILE = "AppPlayground/AppPlayground-Info.plist";
				PRODUCT_NAME = "$(TARGET_NAME)";
				WRAPPER_EXTENSION = app;
			};
			name = Release;
		};
		D4078F001598ECA2000C0E4E /* Debug */ = {
			isa = XCBuildConfiguration;
			buildSettings = {
				BUNDLE_LOADER = "$(BUILT_PRODUCTS_DIR)/AppPlayground.app/AppPlayground";
				FRAMEWORK_SEARCH_PATHS = (
					"$(SDKROOT)/Developer/Library/Frameworks",
					"$(DEVELOPER_LIBRARY_DIR)/Frameworks",
				);
				GCC_PRECOMPILE_PREFIX_HEADER = YES;
				GCC_PREFIX_HEADER = "AppPlayground/AppPlayground-Prefix.pch";
				INFOPLIST_FILE = "AppPlaygroundTests/AppPlaygroundTests-Info.plist";
				PRODUCT_NAME = "$(TARGET_NAME)";
				TEST_HOST = "$(BUNDLE_LOADER)";
				WRAPPER_EXTENSION = octest;
			};
			name = Debug;
		};
		D4078F011598ECA2000C0E4E /* Release */ = {
			isa = XCBuildConfiguration;
			buildSettings = {
				BUNDLE_LOADER = "$(BUILT_PRODUCTS_DIR)/AppPlayground.app/AppPlayground";
				FRAMEWORK_SEARCH_PATHS = (
					"$(SDKROOT)/Developer/Library/Frameworks",
					"$(DEVELOPER_LIBRARY_DIR)/Frameworks",
				);
				GCC_PRECOMPILE_PREFIX_HEADER = YES;
				GCC_PREFIX_HEADER = "AppPlayground/AppPlayground-Prefix.pch";
				INFOPLIST_FILE = "AppPlaygroundTests/AppPlaygroundTests-Info.plist";
				PRODUCT_NAME = "$(TARGET_NAME)";
				TEST_HOST = "$(BUNDLE_LOADER)";
				WRAPPER_EXTENSION = octest;
			};
			name = Release;
		};
/* End XCBuildConfiguration section */

/* Begin XCConfigurationList section */
		D4078EBD1598EC9C000C0E4E /* Build configuration list for PBXProject "AppPlayground" */ = {
			isa = XCConfigurationList;
			buildConfigurations = (
				D4078EFA1598ECA2000C0E4E /* Debug */,
				D4078EFB1598ECA2000C0E4E /* Release */,
			);
			defaultConfigurationIsVisible = 0;
			defaultConfigurationName = Release;
		};
		D4078EFC1598ECA2000C0E4E /* Build configuration list for PBXNativeTarget "AppPlayground" */ = {
			isa = XCConfigurationList;
			buildConfigurations = (
				D4078EFD1598ECA2000C0E4E /* Debug */,
				D4078EFE1598ECA2000C0E4E /* Release */,
			);
			defaultConfigurationIsVisible = 0;
		};
		D4078EFF1598ECA2000C0E4E /* Build configuration list for PBXNativeTarget "AppPlaygroundTests" */ = {
			isa = XCConfigurationList;
			buildConfigurations = (
				D4078F001598ECA2000C0E4E /* Debug */,
				D4078F011598ECA2000C0E4E /* Release */,
			);
			defaultConfigurationIsVisible = 0;
		};
/* End XCConfigurationList section */
	};
	rootObject = D4078EBA1598EC9C000C0E4E /* Project object */;
}
